<?xml version="1.0" encoding="utf-8"?>
<Project ToolsVersion="4.0" xmlns="http://schemas.microsoft.com/developer/msbuild/2003">
  <ItemGroup>
    <ClCompile Include="Asteroid.cpp">
      <Filter>Source FIles</Filter>
    </ClCompile>
    <ClCompile Include="Bullet.cpp">
      <Filter>Source FIles</Filter>
    </ClCompile>
    <ClCompile Include="Environment.cpp">
      <Filter>Source FIles</Filter>
    </ClCompile>
    <ClCompile Include="Game.cpp">
      <Filter>Source FIles</Filter>
    </ClCompile>
    <ClCompile Include="Source.cpp">
      <Filter>Source FIles</Filter>
    </ClCompile>
    <ClCompile Include="Vector2.cpp">
      <Filter>Source FIles</Filter>
    </ClCompile>
    <ClCompile Include="Player.cpp">
      <Filter>Source FIles</Filter>
    </ClCompile>
    <ClCompile Include="Colors.cpp">
      <Filter>Source FIles</Filter>
    </ClCompile>
    <ClCompile Include="Scoreboard.cpp">
      <Filter>Source FIles</Filter>
    </ClCompile>
    <ClCompile Include="EngineEffect.cpp">
      <Filter>Source FIles</Filter>
    </ClCompile>
    <ClCompile Include="SoundManager.cpp">
      <Filter>Source FIles</Filter>
    </ClCompile>
    <ClCompile Include="TextManager.cpp">
      <Filter>Source FIles</Filter>
    </ClCompile>
    <ClCompile Include="TGAloader.cpp">
      <Filter>Source FIles</Filter>
    </ClCompile>
    <ClCompile Include="ShipWreck.cpp">
      <Filter>Source FIles</Filter>
    </ClCompile>
    <ClCompile Include="Sprite.cpp">
      <Filter>Source FIles</Filter>
    </ClCompile>
    <ClCompile Include="GameObject.cpp">
      <Filter>Interfaces</Filter>
    </ClCompile>
  </ItemGroup>
  <ItemGroup>
    <ClInclude Include="Asteroid.h">
      <Filter>Headers</Filter>
    </ClInclude>
    <ClInclude Include="Bullet.h">
      <Filter>Headers</Filter>
    </ClInclude>
    <ClInclude Include="Game.h">
      <Filter>Headers</Filter>
    </ClInclude>
    <ClInclude Include="GlobalVariables.h">
      <Filter>Headers</Filter>
    </ClInclude>
    <ClInclude Include="Lib.h">
      <Filter>Headers</Filter>
    </ClInclude>
    <ClInclude Include="Player.h">
      <Filter>Headers</Filter>
    </ClInclude>
    <ClInclude Include="Vector2.h">
      <Filter>Headers</Filter>
    </ClInclude>
    <ClInclude Include="Environment.h">
      <Filter>Headers</Filter>
    </ClInclude>
    <ClInclude Include="Colors.h">
      <Filter>Headers</Filter>
    </ClInclude>
    <ClInclude Include="EngineEffect.h">
      <Filter>Headers</Filter>
    </ClInclude>
    <ClInclude Include="Scoreboard.h">
      <Filter>Headers</Filter>
    </ClInclude>
    <ClInclude Include="SoundManager.h">
      <Filter>Headers</Filter>
    </ClInclude>
    <ClInclude Include="TextManager.h">
      <Filter>Headers</Filter>
    </ClInclude>
    <ClInclude Include="TGAloader.h">
      <Filter>Headers</Filter>
    </ClInclude>
    <ClInclude Include="ShipWreck.h">
      <Filter>Headers</Filter>
    </ClInclude>
    <ClInclude Include="Sprite.h">
      <Filter>Headers</Filter>
    </ClInclude>
    <ClInclude Include="GameObject.h">
      <Filter>Interfaces</Filter>
    </ClInclude>
  </ItemGroup>
  <ItemGroup>
    <None Include="packages.config" />
  </ItemGroup>
  <ItemGroup>
    <Filter Include="Headers">
      <UniqueIdentifier>{13f0aa77-93bd-46ef-ac30-0770f7cdce47}</UniqueIdentifier>
      <Extensions>h;hh;hpp;hxx;hm;inl;inc;xsd</Extensions>
    </Filter>
    <Filter Include="Audio">
      <UniqueIdentifier>{7747a21f-b5d9-49fd-96d8-e50ac899e0ec}</UniqueIdentifier>
      <Extensions>wav; midi; mp3</Extensions>
    </Filter>
    <Filter Include="Textures">
      <UniqueIdentifier>{6ea098b9-1b38-4e92-a2e7-4c009272922b}</UniqueIdentifier>
    </Filter>
    <Filter Include="Source FIles">
      <UniqueIdentifier>{398f53be-ab85-487c-ab9a-b92d923c2034}</UniqueIdentifier>
      <Extensions>cpp;c;cc;cxx;def;odl;idl;hpj;bat;asm;asmx</Extensions>
    </Filter>
    <Filter Include="Interfaces">
      <UniqueIdentifier>{4d7a52ad-7521-442c-a269-d93c45cc0260}</UniqueIdentifier>
    </Filter>
  </ItemGroup>
  <ItemGroup>
    <Media Include="Audio\LaserShot.wav">
      <Filter>Audio</Filter>
    </Media>
    <Media Include="Audio\boom.wav">
      <Filter>Audio</Filter>
    </Media>
    <Media Include="Audio\playerDED.wav">
      <Filter>Audio</Filter>
    </Media>
    <Media Include="Audio\swoosh.wav">
      <Filter>Audio</Filter>
    </Media>
  </ItemGroup>
  <ItemGroup>
    <Image Include="Textures\asteroid.tga">
      <Filter>Textures</Filter>
    </Image>
    <Image Include="Textures\asteroid_small.tga">
      <Filter>Textures</Filter>
    </Image>
    <Image Include="Textures\ura0fss1.tga">
      <Filter>Textures</Filter>
    </Image>
    <Image Include="Textures\ship.tga">
      <Filter>Textures</Filter>
    </Image>
  </ItemGroup>
</Project>